
Microsoft Visual Studio Solution File, Format Version 12.00
# Visual Studio Version 17
VisualStudioVersion = 17.13.35931.197
MinimumVisualStudioVersion = 10.0.40219.1
Project("{FAE04EC0-301F-11D3-BF4B-00C04F79EFBC}") = "API", "API\API.csproj", "{05E1F403-83A0-475A-A1E4-EC760F2849FE}"
EndProject
Project("{FAE04EC0-301F-11D3-BF4B-00C04F79EFBC}") = "Data", "Data\Data.csproj", "{570214A3-7F32-417D-83C2-2BF5AF4107B7}"
EndProject
Project("{FAE04EC0-301F-11D3-BF4B-00C04F79EFBC}") = "Repository", "Repository\Repository.csproj", "{64FCAF35-FFC7-483B-84AB-E22C29A02E84}"
EndProject
Project("{FAE04EC0-301F-11D3-BF4B-00C04F79EFBC}") = "Service", "Service\Service.csproj", "{17B95558-AB3C-4E9C-8919-658163C6FE28}"
EndProject
Global
	GlobalSection(SolutionConfigurationPlatforms) = preSolution
		Debug|Any CPU = Debug|Any CPU
		Release|Any CPU = Release|Any CPU
	EndGlobalSection
	GlobalSection(ProjectConfigurationPlatforms) = postSolution
		{05E1F403-83A0-475A-A1E4-EC760F2849FE}.Debug|Any CPU.ActiveCfg = Debug|Any CPU
		{05E1F403-83A0-475A-A1E4-EC760F2849FE}.Debug|Any CPU.Build.0 = Debug|Any CPU
		{05E1F403-83A0-475A-A1E4-EC760F2849FE}.Release|Any CPU.ActiveCfg = Release|Any CPU
		{05E1F403-83A0-475A-A1E4-EC760F2849FE}.Release|Any CPU.Build.0 = Release|Any CPU
		{570214A3-7F32-417D-83C2-2BF5AF4107B7}.Debug|Any CPU.ActiveCfg = Debug|Any CPU
		{570214A3-7F32-417D-83C2-2BF5AF4107B7}.Debug|Any CPU.Build.0 = Debug|Any CPU
		{570214A3-7F32-417D-83C2-2BF5AF4107B7}.Release|Any CPU.ActiveCfg = Release|Any CPU
		{570214A3-7F32-417D-83C2-2BF5AF4107B7}.Release|Any CPU.Build.0 = Release|Any CPU
		{64FCAF35-FFC7-483B-84AB-E22C29A02E84}.Debug|Any CPU.ActiveCfg = Debug|Any CPU
		{64FCAF35-FFC7-483B-84AB-E22C29A02E84}.Debug|Any CPU.Build.0 = Debug|Any CPU
		{64FCAF35-FFC7-483B-84AB-E22C29A02E84}.Release|Any CPU.ActiveCfg = Release|Any CPU
		{64FCAF35-FFC7-483B-84AB-E22C29A02E84}.Release|Any CPU.Build.0 = Release|Any CPU
		{17B95558-AB3C-4E9C-8919-658163C6FE28}.Debug|Any CPU.ActiveCfg = Debug|Any CPU
		{17B95558-AB3C-4E9C-8919-658163C6FE28}.Debug|Any CPU.Build.0 = Debug|Any CPU
		{17B95558-AB3C-4E9C-8919-658163C6FE28}.Release|Any CPU.ActiveCfg = Release|Any CPU
		{17B95558-AB3C-4E9C-8919-658163C6FE28}.Release|Any CPU.Build.0 = Release|Any CPU
	EndGlobalSection
	GlobalSection(SolutionProperties) = preSolution
		HideSolutionNode = FALSE
	EndGlobalSection
	GlobalSection(ExtensibilityGlobals) = postSolution
		SolutionGuid = {DDBAEFB2-16C5-486A-96CB-3118174A4C39}
	EndGlobalSection
EndGlobal
